
Microsoft Visual Studio Solution File, Format Version 12.00
# Visual Studio 2013
VisualStudioVersion = 12.0.30110.0
MinimumVisualStudioVersion = 10.0.40219.1
Project("{FAE04EC0-301F-11D3-BF4B-00C04F79EFBC}") = "MercuryClient", "MercuryClient\MercuryClient.csproj", "{04F0F123-C2F0-4785-B8AD-2C4672B1F02A}"
EndProject
Project("{FAE04EC0-301F-11D3-BF4B-00C04F79EFBC}") = "MercuryTraceroute", "MercuryTraceroute\MercuryTraceroute.csproj", "{C413660D-88F9-46FF-90BE-F2064F996DF6}"
EndProject
Project("{FAE04EC0-301F-11D3-BF4B-00C04F79EFBC}") = "InetApi", "..\InetAnalytics\InetApi\InetApi.csproj", "{6E2D7303-FFAB-4732-86F5-8BB0F7CD8276}"
EndProject
Project("{FAE04EC0-301F-11D3-BF4B-00C04F79EFBC}") = "DotNetApi", "..\DotNetApi\DotNetApi\DotNetApi.csproj", "{475F767E-2288-4E56-9B90-179A10DCAB49}"
EndProject
Project("{FAE04EC0-301F-11D3-BF4B-00C04F79EFBC}") = "HtmlAgilityPack", "..\HtmlAgilityPack\HtmlAgilityPack\HtmlAgilityPack.csproj", "{193BB801-054F-4729-9D5D-FCE1E32594BF}"
EndProject
Project("{FAE04EC0-301F-11D3-BF4B-00C04F79EFBC}") = "InetCommon", "..\InetAnalytics\InetCommon\InetCommon.csproj", "{4E3C3A80-85D6-4932-B1D2-E0467B1ABF46}"
EndProject
Project("{FAE04EC0-301F-11D3-BF4B-00C04F79EFBC}") = "MapApi", "..\DotNetApi\MapApi\MapApi.csproj", "{C5C1839C-4971-4781-B8FA-FF743E257A7E}"
EndProject
Project("{FAE04EC0-301F-11D3-BF4B-00C04F79EFBC}") = "MercuryApi", "MercuryApi\MercuryApi.csproj", "{984A6894-D3FA-4348-ACA5-F1FEB86C9CBD}"
EndProject
Project("{FAE04EC0-301F-11D3-BF4B-00C04F79EFBC}") = "Newtonsoft.Json.Net40", "..\Newtonsoft.JsonNet\Newtonsoft.Json\Newtonsoft.Json.Net40.csproj", "{A9AE40FF-1A21-414A-9FE7-3BE13644CC6D}"
EndProject
Global
	GlobalSection(SolutionConfigurationPlatforms) = preSolution
		Debug|Any CPU = Debug|Any CPU
		Release|Any CPU = Release|Any CPU
	EndGlobalSection
	GlobalSection(ProjectConfigurationPlatforms) = postSolution
		{04F0F123-C2F0-4785-B8AD-2C4672B1F02A}.Debug|Any CPU.ActiveCfg = Debug|Any CPU
		{04F0F123-C2F0-4785-B8AD-2C4672B1F02A}.Debug|Any CPU.Build.0 = Debug|Any CPU
		{04F0F123-C2F0-4785-B8AD-2C4672B1F02A}.Release|Any CPU.ActiveCfg = Release|Any CPU
		{04F0F123-C2F0-4785-B8AD-2C4672B1F02A}.Release|Any CPU.Build.0 = Release|Any CPU
		{C413660D-88F9-46FF-90BE-F2064F996DF6}.Debug|Any CPU.ActiveCfg = Debug|Any CPU
		{C413660D-88F9-46FF-90BE-F2064F996DF6}.Debug|Any CPU.Build.0 = Debug|Any CPU
		{C413660D-88F9-46FF-90BE-F2064F996DF6}.Release|Any CPU.ActiveCfg = Release|Any CPU
		{C413660D-88F9-46FF-90BE-F2064F996DF6}.Release|Any CPU.Build.0 = Release|Any CPU
		{6E2D7303-FFAB-4732-86F5-8BB0F7CD8276}.Debug|Any CPU.ActiveCfg = Debug|Any CPU
		{6E2D7303-FFAB-4732-86F5-8BB0F7CD8276}.Debug|Any CPU.Build.0 = Debug|Any CPU
		{6E2D7303-FFAB-4732-86F5-8BB0F7CD8276}.Release|Any CPU.ActiveCfg = Release|Any CPU
		{6E2D7303-FFAB-4732-86F5-8BB0F7CD8276}.Release|Any CPU.Build.0 = Release|Any CPU
		{475F767E-2288-4E56-9B90-179A10DCAB49}.Debug|Any CPU.ActiveCfg = Debug|Any CPU
		{475F767E-2288-4E56-9B90-179A10DCAB49}.Debug|Any CPU.Build.0 = Debug|Any CPU
		{475F767E-2288-4E56-9B90-179A10DCAB49}.Release|Any CPU.ActiveCfg = Release|Any CPU
		{475F767E-2288-4E56-9B90-179A10DCAB49}.Release|Any CPU.Build.0 = Release|Any CPU
		{193BB801-054F-4729-9D5D-FCE1E32594BF}.Debug|Any CPU.ActiveCfg = Debug|Any CPU
		{193BB801-054F-4729-9D5D-FCE1E32594BF}.Debug|Any CPU.Build.0 = Debug|Any CPU
		{193BB801-054F-4729-9D5D-FCE1E32594BF}.Release|Any CPU.ActiveCfg = Release|Any CPU
		{193BB801-054F-4729-9D5D-FCE1E32594BF}.Release|Any CPU.Build.0 = Release|Any CPU
		{4E3C3A80-85D6-4932-B1D2-E0467B1ABF46}.Debug|Any CPU.ActiveCfg = Debug|Any CPU
		{4E3C3A80-85D6-4932-B1D2-E0467B1ABF46}.Debug|Any CPU.Build.0 = Debug|Any CPU
		{4E3C3A80-85D6-4932-B1D2-E0467B1ABF46}.Release|Any CPU.ActiveCfg = Release|Any CPU
		{4E3C3A80-85D6-4932-B1D2-E0467B1ABF46}.Release|Any CPU.Build.0 = Release|Any CPU
		{C5C1839C-4971-4781-B8FA-FF743E257A7E}.Debug|Any CPU.ActiveCfg = Debug|Any CPU
		{C5C1839C-4971-4781-B8FA-FF743E257A7E}.Debug|Any CPU.Build.0 = Debug|Any CPU
		{C5C1839C-4971-4781-B8FA-FF743E257A7E}.Release|Any CPU.ActiveCfg = Release|Any CPU
		{C5C1839C-4971-4781-B8FA-FF743E257A7E}.Release|Any CPU.Build.0 = Release|Any CPU
		{984A6894-D3FA-4348-ACA5-F1FEB86C9CBD}.Debug|Any CPU.ActiveCfg = Debug|Any CPU
		{984A6894-D3FA-4348-ACA5-F1FEB86C9CBD}.Debug|Any CPU.Build.0 = Debug|Any CPU
		{984A6894-D3FA-4348-ACA5-F1FEB86C9CBD}.Release|Any CPU.ActiveCfg = Release|Any CPU
		{984A6894-D3FA-4348-ACA5-F1FEB86C9CBD}.Release|Any CPU.Build.0 = Release|Any CPU
		{A9AE40FF-1A21-414A-9FE7-3BE13644CC6D}.Debug|Any CPU.ActiveCfg = Debug|Any CPU
		{A9AE40FF-1A21-414A-9FE7-3BE13644CC6D}.Debug|Any CPU.Build.0 = Debug|Any CPU
		{A9AE40FF-1A21-414A-9FE7-3BE13644CC6D}.Release|Any CPU.ActiveCfg = Release|Any CPU
		{A9AE40FF-1A21-414A-9FE7-3BE13644CC6D}.Release|Any CPU.Build.0 = Release|Any CPU
	EndGlobalSection
	GlobalSection(SolutionProperties) = preSolution
		HideSolutionNode = FALSE
	EndGlobalSection
EndGlobal
